
Microsoft Visual Studio Solution File, Format Version 12.00
# Visual Studio Version 16
VisualStudioVersion = 16.0.30717.126
MinimumVisualStudioVersion = 10.0.40219.1
Project("{FAE04EC0-301F-11D3-BF4B-00C04F79EFBC}") = "SF.Module24", "SF.Module24\SF.Module24.csproj", "{4695D919-B27B-434C-B193-EE91367F050B}"
EndProject
Project("{FAE04EC0-301F-11D3-BF4B-00C04F79EFBC}") = "SF.Module24.Tests", "SF.Module24.Tests\SF.Module24.Tests.csproj", "{2E6D4A49-FF50-4707-9D74-3F3ECE22AC9C}"
EndProject
Global
	GlobalSection(SolutionConfigurationPlatforms) = preSolution
		Debug|Any CPU = Debug|Any CPU
		Release|Any CPU = Release|Any CPU
	EndGlobalSection
	GlobalSection(ProjectConfigurationPlatforms) = postSolution
		{4695D919-B27B-434C-B193-EE91367F050B}.Debug|Any CPU.ActiveCfg = Debug|Any CPU
		{4695D919-B27B-434C-B193-EE91367F050B}.Debug|Any CPU.Build.0 = Debug|Any CPU
		{4695D919-B27B-434C-B193-EE91367F050B}.Release|Any CPU.ActiveCfg = Release|Any CPU
		{4695D919-B27B-434C-B193-EE91367F050B}.Release|Any CPU.Build.0 = Release|Any CPU
		{2E6D4A49-FF50-4707-9D74-3F3ECE22AC9C}.Debug|Any CPU.ActiveCfg = Debug|Any CPU
		{2E6D4A49-FF50-4707-9D74-3F3ECE22AC9C}.Debug|Any CPU.Build.0 = Debug|Any CPU
		{2E6D4A49-FF50-4707-9D74-3F3ECE22AC9C}.Release|Any CPU.ActiveCfg = Release|Any CPU
		{2E6D4A49-FF50-4707-9D74-3F3ECE22AC9C}.Release|Any CPU.Build.0 = Release|Any CPU
	EndGlobalSection
	GlobalSection(SolutionProperties) = preSolution
		HideSolutionNode = FALSE
	EndGlobalSection
	GlobalSection(ExtensibilityGlobals) = postSolution
		SolutionGuid = {21E63435-7148-415E-8272-7593BB73BF7C}
	EndGlobalSection
EndGlobal
